
Microsoft Visual Studio Solution File, Format Version 12.00
# Visual Studio Version 17
VisualStudioVersion = 17.7.34031.279
MinimumVisualStudioVersion = 10.0.40219.1
Project("{9A19103F-16F7-4668-BE54-9A1E7A4F7556}") = "CRUD_Version_Final", "CRUD_Version_Final.csproj", "{8F454200-11DB-49DF-9FC3-021C4816EE36}"
EndProject
Project("{FAE04EC0-301F-11D3-BF4B-00C04F79EFBC}") = "API_Productos", "..\API_Productos\API_Productos.csproj", "{B550F10E-F0CC-4812-945A-4947FE67AB05}"
EndProject
Global
	GlobalSection(SolutionConfigurationPlatforms) = preSolution
		Debug|Any CPU = Debug|Any CPU
		Release|Any CPU = Release|Any CPU
	EndGlobalSection
	GlobalSection(ProjectConfigurationPlatforms) = postSolution
		{8F454200-11DB-49DF-9FC3-021C4816EE36}.Debug|Any CPU.ActiveCfg = Debug|Any CPU
		{8F454200-11DB-49DF-9FC3-021C4816EE36}.Debug|Any CPU.Build.0 = Debug|Any CPU
		{8F454200-11DB-49DF-9FC3-021C4816EE36}.Release|Any CPU.ActiveCfg = Release|Any CPU
		{8F454200-11DB-49DF-9FC3-021C4816EE36}.Release|Any CPU.Build.0 = Release|Any CPU
		{B550F10E-F0CC-4812-945A-4947FE67AB05}.Debug|Any CPU.ActiveCfg = Debug|Any CPU
		{B550F10E-F0CC-4812-945A-4947FE67AB05}.Debug|Any CPU.Build.0 = Debug|Any CPU
		{B550F10E-F0CC-4812-945A-4947FE67AB05}.Release|Any CPU.ActiveCfg = Release|Any CPU
		{B550F10E-F0CC-4812-945A-4947FE67AB05}.Release|Any CPU.Build.0 = Release|Any CPU
	EndGlobalSection
	GlobalSection(SolutionProperties) = preSolution
		HideSolutionNode = FALSE
	EndGlobalSection
	GlobalSection(ExtensibilityGlobals) = postSolution
		SolutionGuid = {599CCE99-E17F-49C9-A896-AB1684AB56C8}
	EndGlobalSection
EndGlobal
